
Microsoft Visual Studio Solution File, Format Version 12.00
# Visual Studio Version 16
VisualStudioVersion = 16.0.29509.3
MinimumVisualStudioVersion = 10.0.40219.1
Project("{FAE04EC0-301F-11D3-BF4B-00C04F79EFBC}") = "WEBAPIMVC", "WEBAPIMVC\WEBAPIMVC.csproj", "{60B70DF4-1B46-441E-A360-461C00EA0826}"
EndProject
Global
	GlobalSection(SolutionConfigurationPlatforms) = preSolution
		Debug|Any CPU = Debug|Any CPU
		Release|Any CPU = Release|Any CPU
	EndGlobalSection
	GlobalSection(ProjectConfigurationPlatforms) = postSolution
		{60B70DF4-1B46-441E-A360-461C00EA0826}.Debug|Any CPU.ActiveCfg = Debug|Any CPU
		{60B70DF4-1B46-441E-A360-461C00EA0826}.Debug|Any CPU.Build.0 = Debug|Any CPU
		{60B70DF4-1B46-441E-A360-461C00EA0826}.Release|Any CPU.ActiveCfg = Release|Any CPU
		{60B70DF4-1B46-441E-A360-461C00EA0826}.Release|Any CPU.Build.0 = Release|Any CPU
	EndGlobalSection
	GlobalSection(SolutionProperties) = preSolution
		HideSolutionNode = FALSE
	EndGlobalSection
	GlobalSection(ExtensibilityGlobals) = postSolution
		SolutionGuid = {E0A8E760-D09D-4DC0-A686-33D07DBC59BB}
	EndGlobalSection
EndGlobal
